<?xml version="1.0" encoding="utf-8"?>
<Project ToolsVersion="4.0" xmlns="http://schemas.microsoft.com/developer/msbuild/2003">
  <ItemGroup>
    <Filter Include="Source Files">
      <UniqueIdentifier>{4FC737F1-C7A5-4376-A066-2A32D752A2FF}</UniqueIdentifier>
      <Extensions>cpp;c;cxx;def;odl;idl;hpj;bat;asm;asmx</Extensions>
    </Filter>
    <Filter Include="Header Files">
      <UniqueIdentifier>{93995380-89BD-4b04-88EB-625FBE52EBFB}</UniqueIdentifier>
      <Extensions>h;hpp;hxx;hm;inl;inc;xsd</Extensions>
    </Filter>
    <Filter Include="Resource Files">
      <UniqueIdentifier>{67DA6AB6-F800-4c08-8B7A-83BB121AAD01}</UniqueIdentifier>
      <Extensions>rc;ico;cur;bmp;dlg;rc2;rct;bin;rgs;gif;jpg;jpeg;jpe;resx</Extensions>
    </Filter>
  </ItemGroup>
  <ItemGroup>
    <ClCompile Include="..\speexcode\libspeex\bits.c">
      <Filter>Source Files</Filter>
    </ClCompile>
    <ClCompile Include="..\speexcode\libspeex\cb_search.c">
      <Filter>Source Files</Filter>
    </ClCompile>
    <ClCompile Include="..\speexcode\libspeex\exc_5_64_table.c">
      <Filter>Source Files</Filter>
    </ClCompile>
    <ClCompile Include="..\speexcode\libspeex\exc_5_256_table.c">
      <Filter>Source Files</Filter>
    </ClCompile>
    <ClCompile Include="..\speexcode\libspeex\exc_8_128_table.c">
      <Filter>Source Files</Filter>
    </ClCompile>
    <ClCompile Include="..\speexcode\libspeex\exc_10_16_table.c">
      <Filter>Source Files</Filter>
    </ClCompile>
    <ClCompile Include="..\speexcode\libspeex\exc_10_32_table.c">
      <Filter>Source Files</Filter>
    </ClCompile>
    <ClCompile Include="..\speexcode\libspeex\exc_20_32_table.c">
      <Filter>Source Files</Filter>
    </ClCompile>
    <ClCompile Include="..\speexcode\libspeex\fftwrap.c">
      <Filter>Source Files</Filter>
    </ClCompile>
    <ClCompile Include="..\speexcode\libspeex\filters.c">
      <Filter>Source Files</Filter>
    </ClCompile>
    <ClCompile Include="..\speexcode\libspeex\gain_table.c">
      <Filter>Source Files</Filter>
    </ClCompile>
    <ClCompile Include="..\speexcode\libspeex\gain_table_lbr.c">
      <Filter>Source Files</Filter>
    </ClCompile>
    <ClCompile Include="..\speexcode\libspeex\hexc_10_32_table.c">
      <Filter>Source Files</Filter>
    </ClCompile>
    <ClCompile Include="..\speexcode\libspeex\hexc_table.c">
      <Filter>Source Files</Filter>
    </ClCompile>
    <ClCompile Include="..\speexcode\libspeex\high_lsp_tables.c">
      <Filter>Source Files</Filter>
    </ClCompile>
    <ClCompile Include="..\speexcode\libspeex\kiss_fft.c">
      <Filter>Source Files</Filter>
    </ClCompile>
    <ClCompile Include="..\speexcode\libspeex\kiss_fftr.c">
      <Filter>Source Files</Filter>
    </ClCompile>
    <ClCompile Include="..\speexcode\libspeex\lpc.c">
      <Filter>Source Files</Filter>
    </ClCompile>
    <ClCompile Include="..\speexcode\libspeex\lsp.c">
      <Filter>Source Files</Filter>
    </ClCompile>
    <ClCompile Include="..\speexcode\libspeex\lsp_tables_nb.c">
      <Filter>Source Files</Filter>
    </ClCompile>
    <ClCompile Include="..\speexcode\libspeex\ltp.c">
      <Filter>Source Files</Filter>
    </ClCompile>
    <ClCompile Include="..\speexcode\libspeex\modes.c">
      <Filter>Source Files</Filter>
    </ClCompile>
    <ClCompile Include="..\speexcode\libspeex\modes_wb.c">
      <Filter>Source Files</Filter>
    </ClCompile>
    <ClCompile Include="..\speexcode\libspeex\nb_celp.c">
      <Filter>Source Files</Filter>
    </ClCompile>
    <ClCompile Include="..\speexcode\libspeex\quant_lsp.c">
      <Filter>Source Files</Filter>
    </ClCompile>
    <ClCompile Include="..\speexcode\libspeex\sb_celp.c">
      <Filter>Source Files</Filter>
    </ClCompile>
    <ClCompile Include="..\speexcode\libspeex\smallft.c">
      <Filter>Source Files</Filter>
    </ClCompile>
    <ClCompile Include="..\speexcode\libspeex\speex.c">
      <Filter>Source Files</Filter>
    </ClCompile>
    <ClCompile Include="..\speexcode\libspeex\speex_callbacks.c">
      <Filter>Source Files</Filter>
    </ClCompile>
    <ClCompile Include="..\speexcode\libspeex\speex_header.c">
      <Filter>Source Files</Filter>
    </ClCompile>
    <ClCompile Include="..\speexcode\libspeex\stereo.c">
      <Filter>Source Files</Filter>
    </ClCompile>
    <ClCompile Include="..\speexcode\libspeex\testenc_uwb.c">
      <Filter>Source Files</Filter>
    </ClCompile>
    <ClCompile Include="..\speexcode\libspeex\testenc_wb.c">
      <Filter>Source Files</Filter>
    </ClCompile>
    <ClCompile Include="..\speexcode\libspeex\vbr.c">
      <Filter>Source Files</Filter>
    </ClCompile>
    <ClCompile Include="..\speexcode\libspeex\vorbis_psy.c">
      <Filter>Source Files</Filter>
    </ClCompile>
    <ClCompile Include="..\speexcode\libspeex\vq.c">
      <Filter>Source Files</Filter>
    </ClCompile>
    <ClCompile Include="..\speexcode\libspeex\window.c">
      <Filter>Source Files</Filter>
    </ClCompile>
  </ItemGroup>
  <ItemGroup>
    <None Include="libspeex.def">
      <Filter>Source Files</Filter>
    </None>
    <None Include="..\speexcode\include\speex\speex_config_types.h.in">
      <Filter>Header Files</Filter>
    </None>
  </ItemGroup>
  <ItemGroup>
    <ClInclude Include="..\speexcode\include\speex\speex.h">
      <Filter>Header Files</Filter>
    </ClInclude>
    <ClInclude Include="..\speexcode\include\speex\speex_bits.h">
      <Filter>Header Files</Filter>
    </ClInclude>
    <ClInclude Include="..\speexcode\include\speex\speex_callbacks.h">
      <Filter>Header Files</Filter>
    </ClInclude>
    <ClInclude Include="..\speexcode\include\speex\speex_header.h">
      <Filter>Header Files</Filter>
    </ClInclude>
    <ClInclude Include="..\speexcode\include\speex\speex_stereo.h">
      <Filter>Header Files</Filter>
    </ClInclude>
    <ClInclude Include="..\speexcode\include\speex\speex_types.h">
      <Filter>Header Files</Filter>
    </ClInclude>
    <ClInclude Include="..\speexcode\libspeex\_kiss_fft_guts.h">
      <Filter>Header Files</Filter>
    </ClInclude>
    <ClInclude Include="..\speexcode\libspeex\arch.h">
      <Filter>Header Files</Filter>
    </ClInclude>
    <ClInclude Include="..\speexcode\libspeex\bfin.h">
      <Filter>Header Files</Filter>
    </ClInclude>
    <ClInclude Include="..\speexcode\libspeex\cb_search.h">
      <Filter>Header Files</Filter>
    </ClInclude>
    <ClInclude Include="..\speexcode\libspeex\cb_search_arm4.h">
      <Filter>Header Files</Filter>
    </ClInclude>
    <ClInclude Include="..\speexcode\libspeex\cb_search_bfin.h">
      <Filter>Header Files</Filter>
    </ClInclude>
    <ClInclude Include="..\speexcode\libspeex\cb_search_sse.h">
      <Filter>Header Files</Filter>
    </ClInclude>
    <ClInclude Include="..\speexcode\libspeex\fftwrap.h">
      <Filter>Header Files</Filter>
    </ClInclude>
    <ClInclude Include="..\speexcode\libspeex\filters.h">
      <Filter>Header Files</Filter>
    </ClInclude>
    <ClInclude Include="..\speexcode\libspeex\filters_arm4.h">
      <Filter>Header Files</Filter>
    </ClInclude>
    <ClInclude Include="..\speexcode\libspeex\filters_bfin.h">
      <Filter>Header Files</Filter>
    </ClInclude>
    <ClInclude Include="..\speexcode\libspeex\filters_sse.h">
      <Filter>Header Files</Filter>
    </ClInclude>
    <ClInclude Include="..\speexcode\libspeex\fixed_arm4.h">
      <Filter>Header Files</Filter>
    </ClInclude>
    <ClInclude Include="..\speexcode\libspeex\fixed_arm5e.h">
      <Filter>Header Files</Filter>
    </ClInclude>
    <ClInclude Include="..\speexcode\libspeex\fixed_bfin.h">
      <Filter>Header Files</Filter>
    </ClInclude>
    <ClInclude Include="..\speexcode\libspeex\fixed_debug.h">
      <Filter>Header Files</Filter>
    </ClInclude>
    <ClInclude Include="..\speexcode\libspeex\fixed_generic.h">
      <Filter>Header Files</Filter>
    </ClInclude>
    <ClInclude Include="..\speexcode\libspeex\kiss_fft.h">
      <Filter>Header Files</Filter>
    </ClInclude>
    <ClInclude Include="..\speexcode\libspeex\kiss_fftr.h">
      <Filter>Header Files</Filter>
    </ClInclude>
    <ClInclude Include="..\speexcode\libspeex\lpc.h">
      <Filter>Header Files</Filter>
    </ClInclude>
    <ClInclude Include="..\speexcode\libspeex\lpc_bfin.h">
      <Filter>Header Files</Filter>
    </ClInclude>
    <ClInclude Include="..\speexcode\libspeex\lsp.h">
      <Filter>Header Files</Filter>
    </ClInclude>
    <ClInclude Include="..\speexcode\libspeex\lsp_bfin.h">
      <Filter>Header Files</Filter>
    </ClInclude>
    <ClInclude Include="..\speexcode\libspeex\ltp.h">
      <Filter>Header Files</Filter>
    </ClInclude>
    <ClInclude Include="..\speexcode\libspeex\ltp_arm4.h">
      <Filter>Header Files</Filter>
    </ClInclude>
    <ClInclude Include="..\speexcode\libspeex\ltp_bfin.h">
      <Filter>Header Files</Filter>
    </ClInclude>
    <ClInclude Include="..\speexcode\libspeex\ltp_sse.h">
      <Filter>Header Files</Filter>
    </ClInclude>
    <ClInclude Include="..\speexcode\libspeex\math_approx.h">
      <Filter>Header Files</Filter>
    </ClInclude>
    <ClInclude Include="..\speexcode\libspeex\misc_bfin.h">
      <Filter>Header Files</Filter>
    </ClInclude>
    <ClInclude Include="..\speexcode\libspeex\modes.h">
      <Filter>Header Files</Filter>
    </ClInclude>
    <ClInclude Include="..\speexcode\libspeex\nb_celp.h">
      <Filter>Header Files</Filter>
    </ClInclude>
    <ClInclude Include="..\speexcode\libspeex\os_support.h">
      <Filter>Header Files</Filter>
    </ClInclude>
    <ClInclude Include="..\speexcode\libspeex\quant_lsp.h">
      <Filter>Header Files</Filter>
    </ClInclude>
    <ClInclude Include="..\speexcode\libspeex\quant_lsp_bfin.h">
      <Filter>Header Files</Filter>
    </ClInclude>
    <ClInclude Include="..\speexcode\libspeex\sb_celp.h">
      <Filter>Header Files</Filter>
    </ClInclude>
    <ClInclude Include="..\speexcode\libspeex\smallft.h">
      <Filter>Header Files</Filter>
    </ClInclude>
    <ClInclude Include="..\speexcode\libspeex\stack_alloc.h">
      <Filter>Header Files</Filter>
    </ClInclude>
    <ClInclude Include="..\speexcode\libspeex\vbr.h">
      <Filter>Header Files</Filter>
    </ClInclude>
    <ClInclude Include="..\speexcode\libspeex\vorbis_psy.h">
      <Filter>Header Files</Filter>
    </ClInclude>
    <ClInclude Include="..\speexcode\libspeex\vq.h">
      <Filter>Header Files</Filter>
    </ClInclude>
    <ClInclude Include="..\speexcode\libspeex\vq_arm4.h">
      <Filter>Header Files</Filter>
    </ClInclude>
    <ClInclude Include="..\speexcode\libspeex\vq_bfin.h">
      <Filter>Header Files</Filter>
    </ClInclude>
    <ClInclude Include="..\speexcode\libspeex\vq_sse.h">
      <Filter>Header Files</Filter>
    </ClInclude>
    <ClInclude Include="..\speexcode\config.h">
      <Filter>Header Files</Filter>
    </ClInclude>
  </ItemGroup>
  <ItemGroup>
    <Text Include="ReadMe.txt" />
  </ItemGroup>
</Project>